
Microsoft Visual Studio Solution File, Format Version 12.00
# Visual Studio Version 17
VisualStudioVersion = 17.6.33723.286
MinimumVisualStudioVersion = 10.0.40219.1
Project("{FAE04EC0-301F-11D3-BF4B-00C04F79EFBC}") = "ConsumoFormRomanAbril", "ConsumoFormRomanAbril.csproj", "{35E16852-BC46-4D92-917B-F1ECA12D6759}"
EndProject
Global
	GlobalSection(SolutionConfigurationPlatforms) = preSolution
		Debug|Any CPU = Debug|Any CPU
		Release|Any CPU = Release|Any CPU
	EndGlobalSection
	GlobalSection(ProjectConfigurationPlatforms) = postSolution
		{35E16852-BC46-4D92-917B-F1ECA12D6759}.Debug|Any CPU.ActiveCfg = Debug|Any CPU
		{35E16852-BC46-4D92-917B-F1ECA12D6759}.Debug|Any CPU.Build.0 = Debug|Any CPU
		{35E16852-BC46-4D92-917B-F1ECA12D6759}.Release|Any CPU.ActiveCfg = Release|Any CPU
		{35E16852-BC46-4D92-917B-F1ECA12D6759}.Release|Any CPU.Build.0 = Release|Any CPU
	EndGlobalSection
	GlobalSection(SolutionProperties) = preSolution
		HideSolutionNode = FALSE
	EndGlobalSection
	GlobalSection(ExtensibilityGlobals) = postSolution
		SolutionGuid = {0D072625-EFD2-443B-93DA-66006C72B8A1}
	EndGlobalSection
EndGlobal
